
Microsoft Visual Studio Solution File, Format Version 12.00
# Visual Studio Version 17
VisualStudioVersion = 17.10.35027.167
MinimumVisualStudioVersion = 10.0.40219.1
Project("{FAE04EC0-301F-11D3-BF4B-00C04F79EFBC}") = "Simple Calculator", "Simple Calculator.csproj", "{60D91E16-13FC-49CE-BC05-56627BAEEEC1}"
EndProject
Global
	GlobalSection(SolutionConfigurationPlatforms) = preSolution
		Debug|Any CPU = Debug|Any CPU
		Release|Any CPU = Release|Any CPU
	EndGlobalSection
	GlobalSection(ProjectConfigurationPlatforms) = postSolution
		{60D91E16-13FC-49CE-BC05-56627BAEEEC1}.Debug|Any CPU.ActiveCfg = Debug|Any CPU
		{60D91E16-13FC-49CE-BC05-56627BAEEEC1}.Debug|Any CPU.Build.0 = Debug|Any CPU
		{60D91E16-13FC-49CE-BC05-56627BAEEEC1}.Release|Any CPU.ActiveCfg = Release|Any CPU
		{60D91E16-13FC-49CE-BC05-56627BAEEEC1}.Release|Any CPU.Build.0 = Release|Any CPU
	EndGlobalSection
	GlobalSection(SolutionProperties) = preSolution
		HideSolutionNode = FALSE
	EndGlobalSection
	GlobalSection(ExtensibilityGlobals) = postSolution
		SolutionGuid = {6D4C6FC2-5829-44EE-A1E3-F924F73D9B98}
	EndGlobalSection
EndGlobal
